// !$*UTF8*$!
{
	archiveVersion = 1;
	classes = {
	};
	objectVersion = 46;
	objects = {

/* Begin PBXBuildFile section */
		CB33FD211E2F12D700ED81A2 /* AppDelegate.swift in Sources */ = {isa = PBXBuildFile; fileRef = CB33FD201E2F12D700ED81A2 /* AppDelegate.swift */; };
		CB33FD231E2F12D700ED81A2 /* ViewController.swift in Sources */ = {isa = PBXBuildFile; fileRef = CB33FD221E2F12D700ED81A2 /* ViewController.swift */; };
		CB33FD261E2F12D700ED81A2 /* Main.storyboard in Resources */ = {isa = PBXBuildFile; fileRef = CB33FD241E2F12D700ED81A2 /* Main.storyboard */; };
		CB33FD281E2F12D700ED81A2 /* Assets.xcassets in Resources */ = {isa = PBXBuildFile; fileRef = CB33FD271E2F12D700ED81A2 /* Assets.xcassets */; };
		CB33FD2B1E2F12D700ED81A2 /* LaunchScreen.storyboard in Resources */ = {isa = PBXBuildFile; fileRef = CB33FD291E2F12D700ED81A2 /* LaunchScreen.storyboard */; };
		CB33FD361E2F12D700ED81A2 /* Chapter_8_Table_CellsTests.swift in Sources */ = {isa = PBXBuildFile; fileRef = CB33FD351E2F12D700ED81A2 /* Chapter_8_Table_CellsTests.swift */; };
		CB33FD411E2F12D700ED81A2 /* Chapter_8_Table_CellsUITests.swift in Sources */ = {isa = PBXBuildFile; fileRef = CB33FD401E2F12D700ED81A2 /* Chapter_8_Table_CellsUITests.swift */; };
		CB33FD4F1E2F13B800ED81A2 /* NameAndColorCell.swift in Sources */ = {isa = PBXBuildFile; fileRef = CB33FD4E1E2F13B800ED81A2 /* NameAndColorCell.swift */; };
		CB33FD511E2F15BB00ED81A2 /* NameAndColorCell.xib in Resources */ = {isa = PBXBuildFile; fileRef = CB33FD501E2F15BB00ED81A2 /* NameAndColorCell.xib */; };
/* End PBXBuildFile section */

/* Begin PBXContainerItemProxy section */
		CB33FD321E2F12D700ED81A2 /* PBXContainerItemProxy */ = {
			isa = PBXContainerItemProxy;
			containerPortal = CB33FD151E2F12D700ED81A2 /* Project object */;
			proxyType = 1;
			remoteGlobalIDString = CB33FD1C1E2F12D700ED81A2;
			remoteInfo = Chapter_8_Table_Cells;
		};
		CB33FD3D1E2F12D700ED81A2 /* PBXContainerItemProxy */ = {
			isa = PBXContainerItemProxy;
			containerPortal = CB33FD151E2F12D700ED81A2 /* Project object */;
			proxyType = 1;
			remoteGlobalIDString = CB33FD1C1E2F12D700ED81A2;
			remoteInfo = Chapter_8_Table_Cells;
		};
/* End PBXContainerItemProxy section */

/* Begin PBXFileReference section */
		CB33FD1D1E2F12D700ED81A2 /* Chapter_8_Table_Cells.app */ = {isa = PBXFileReference; explicitFileType = wrapper.application; includeInIndex = 0; path = Chapter_8_Table_Cells.app; sourceTree = BUILT_PRODUCTS_DIR; };
		CB33FD201E2F12D700ED81A2 /* AppDelegate.swift */ = {isa = PBXFileReference; lastKnownFileType = sourcecode.swift; path = AppDelegate.swift; sourceTree = "<group>"; };
		CB33FD221E2F12D700ED81A2 /* ViewController.swift */ = {isa = PBXFileReference; lastKnownFileType = sourcecode.swift; path = ViewController.swift; sourceTree = "<group>"; };
		CB33FD251E2F12D700ED81A2 /* Base */ = {isa = PBXFileReference; lastKnownFileType = file.storyboard; name = Base; path = Base.lproj/Main.storyboard; sourceTree = "<group>"; };
		CB33FD271E2F12D700ED81A2 /* Assets.xcassets */ = {isa = PBXFileReference; lastKnownFileType = folder.assetcatalog; path = Assets.xcassets; sourceTree = "<group>"; };
		CB33FD2A1E2F12D700ED81A2 /* Base */ = {isa = PBXFileReference; lastKnownFileType = file.storyboard; name = Base; path = Base.lproj/LaunchScreen.storyboard; sourceTree = "<group>"; };
		CB33FD2C1E2F12D700ED81A2 /* Info.plist */ = {isa = PBXFileReference; lastKnownFileType = text.plist.xml; path = Info.plist; sourceTree = "<group>"; };
		CB33FD311E2F12D700ED81A2 /* Chapter_8_Table_CellsTests.xctest */ = {isa = PBXFileReference; explicitFileType = wrapper.cfbundle; includeInIndex = 0; path = Chapter_8_Table_CellsTests.xctest; sourceTree = BUILT_PRODUCTS_DIR; };
		CB33FD351E2F12D700ED81A2 /* Chapter_8_Table_CellsTests.swift */ = {isa = PBXFileReference; lastKnownFileType = sourcecode.swift; path = Chapter_8_Table_CellsTests.swift; sourceTree = "<group>"; };
		CB33FD371E2F12D700ED81A2 /* Info.plist */ = {isa = PBXFileReference; lastKnownFileType = text.plist.xml; path = Info.plist; sourceTree = "<group>"; };
		CB33FD3C1E2F12D700ED81A2 /* Chapter_8_Table_CellsUITests.xctest */ = {isa = PBXFileReference; explicitFileType = wrapper.cfbundle; includeInIndex = 0; path = Chapter_8_Table_CellsUITests.xctest; sourceTree = BUILT_PRODUCTS_DIR; };
		CB33FD401E2F12D700ED81A2 /* Chapter_8_Table_CellsUITests.swift */ = {isa = PBXFileReference; lastKnownFileType = sourcecode.swift; path = Chapter_8_Table_CellsUITests.swift; sourceTree = "<group>"; };
		CB33FD421E2F12D700ED81A2 /* Info.plist */ = {isa = PBXFileReference; lastKnownFileType = text.plist.xml; path = Info.plist; sourceTree = "<group>"; };
		CB33FD4E1E2F13B800ED81A2 /* NameAndColorCell.swift */ = {isa = PBXFileReference; fileEncoding = 4; lastKnownFileType = sourcecode.swift; path = NameAndColorCell.swift; sourceTree = "<group>"; };
		CB33FD501E2F15BB00ED81A2 /* NameAndColorCell.xib */ = {isa = PBXFileReference; fileEncoding = 4; lastKnownFileType = file.xib; path = NameAndColorCell.xib; sourceTree = "<group>"; };
/* End PBXFileReference section */

/* Begin PBXFrameworksBuildPhase section */
		CB33FD1A1E2F12D700ED81A2 /* Frameworks */ = {
			isa = PBXFrameworksBuildPhase;
			buildActionMask = 2147483647;
			files = (
			);
			runOnlyForDeploymentPostprocessing = 0;
		};
		CB33FD2E1E2F12D700ED81A2 /* Frameworks */ = {
			isa = PBXFrameworksBuildPhase;
			buildActionMask = 2147483647;
			files = (
			);
			runOnlyForDeploymentPostprocessing = 0;
		};
		CB33FD391E2F12D700ED81A2 /* Frameworks */ = {
			isa = PBXFrameworksBuildPhase;
			buildActionMask = 2147483647;
			files = (
			);
			runOnlyForDeploymentPostprocessing = 0;
		};
/* End PBXFrameworksBuildPhase section */

/* Begin PBXGroup section */
		CB33FD141E2F12D700ED81A2 = {
			isa = PBXGroup;
			children = (
				CB33FD1F1E2F12D700ED81A2 /* Chapter_8_Table_Cells */,
				CB33FD341E2F12D700ED81A2 /* Chapter_8_Table_CellsTests */,
				CB33FD3F1E2F12D700ED81A2 /* Chapter_8_Table_CellsUITests */,
				CB33FD1E1E2F12D700ED81A2 /* Products */,
			);
			sourceTree = "<group>";
		};
		CB33FD1E1E2F12D700ED81A2 /* Products */ = {
			isa = PBXGroup;
			children = (
				CB33FD1D1E2F12D700ED81A2 /* Chapter_8_Table_Cells.app */,
				CB33FD311E2F12D700ED81A2 /* Chapter_8_Table_CellsTests.xctest */,
				CB33FD3C1E2F12D700ED81A2 /* Chapter_8_Table_CellsUITests.xctest */,
			);
			name = Products;
			sourceTree = "<group>";
		};
		CB33FD1F1E2F12D700ED81A2 /* Chapter_8_Table_Cells */ = {
			isa = PBXGroup;
			children = (
				CB33FD201E2F12D700ED81A2 /* AppDelegate.swift */,
				CB33FD221E2F12D700ED81A2 /* ViewController.swift */,
				CB33FD4E1E2F13B800ED81A2 /* NameAndColorCell.swift */,
				CB33FD241E2F12D700ED81A2 /* Main.storyboard */,
				CB33FD501E2F15BB00ED81A2 /* NameAndColorCell.xib */,
				CB33FD271E2F12D700ED81A2 /* Assets.xcassets */,
				CB33FD291E2F12D700ED81A2 /* LaunchScreen.storyboard */,
				CB33FD2C1E2F12D700ED81A2 /* Info.plist */,
			);
			path = Chapter_8_Table_Cells;
			sourceTree = "<group>";
		};
		CB33FD341E2F12D700ED81A2 /* Chapter_8_Table_CellsTests */ = {
			isa = PBXGroup;
			children = (
				CB33FD351E2F12D700ED81A2 /* Chapter_8_Table_CellsTests.swift */,
				CB33FD371E2F12D700ED81A2 /* Info.plist */,
			);
			path = Chapter_8_Table_CellsTests;
			sourceTree = "<group>";
		};
		CB33FD3F1E2F12D700ED81A2 /* Chapter_8_Table_CellsUITests */ = {
			isa = PBXGroup;
			children = (
				CB33FD401E2F12D700ED81A2 /* Chapter_8_Table_CellsUITests.swift */,
				CB33FD421E2F12D700ED81A2 /* Info.plist */,
			);
			path = Chapter_8_Table_CellsUITests;
			sourceTree = "<group>";
		};
/* End PBXGroup section */

/* Begin PBXNativeTarget section */
		CB33FD1C1E2F12D700ED81A2 /* Chapter_8_Table_Cells */ = {
			isa = PBXNativeTarget;
			buildConfigurationList = CB33FD451E2F12D700ED81A2 /* Build configuration list for PBXNativeTarget "Chapter_8_Table_Cells" */;
			buildPhases = (
				CB33FD191E2F12D700ED81A2 /* Sources */,
				CB33FD1A1E2F12D700ED81A2 /* Frameworks */,
				CB33FD1B1E2F12D700ED81A2 /* Resources */,
			);
			buildRules = (
			);
			dependencies = (
			);
			name = Chapter_8_Table_Cells;
			productName = Chapter_8_Table_Cells;
			productReference = CB33FD1D1E2F12D700ED81A2 /* Chapter_8_Table_Cells.app */;
			productType = "com.apple.product-type.application";
		};
		CB33FD301E2F12D700ED81A2 /* Chapter_8_Table_CellsTests */ = {
			isa = PBXNativeTarget;
			buildConfigurationList = CB33FD481E2F12D700ED81A2 /* Build configuration list for PBXNativeTarget "Chapter_8_Table_CellsTests" */;
			buildPhases = (
				CB33FD2D1E2F12D700ED81A2 /* Sources */,
				CB33FD2E1E2F12D700ED81A2 /* Frameworks */,
				CB33FD2F1E2F12D700ED81A2 /* Resources */,
			);
			buildRules = (
			);
			dependencies = (
				CB33FD331E2F12D700ED81A2 /* PBXTargetDependency */,
			);
			name = Chapter_8_Table_CellsTests;
			productName = Chapter_8_Table_CellsTests;
			productReference = CB33FD311E2F12D700ED81A2 /* Chapter_8_Table_CellsTests.xctest */;
			productType = "com.apple.product-type.bundle.unit-test";
		};
		CB33FD3B1E2F12D700ED81A2 /* Chapter_8_Table_CellsUITests */ = {
			isa = PBXNativeTarget;
			buildConfigurationList = CB33FD4B1E2F12D700ED81A2 /* Build configuration list for PBXNativeTarget "Chapter_8_Table_CellsUITests" */;
			buildPhases = (
				CB33FD381E2F12D700ED81A2 /* Sources */,
				CB33FD391E2F12D700ED81A2 /* Frameworks */,
				CB33FD3A1E2F12D700ED81A2 /* Resources */,
			);
			buildRules = (
			);
			dependencies = (
				CB33FD3E1E2F12D700ED81A2 /* PBXTargetDependency */,
			);
			name = Chapter_8_Table_CellsUITests;
			productName = Chapter_8_Table_CellsUITests;
			productReference = CB33FD3C1E2F12D700ED81A2 /* Chapter_8_Table_CellsUITests.xctest */;
			productType = "com.apple.product-type.bundle.ui-testing";
		};
/* End PBXNativeTarget section */

/* Begin PBXProject section */
		CB33FD151E2F12D700ED81A2 /* Project object */ = {
			isa = PBXProject;
			attributes = {
				LastSwiftUpdateCheck = 0730;
				LastUpgradeCheck = 0730;
				ORGANIZATIONNAME = "Wei Li";
				TargetAttributes = {
					CB33FD1C1E2F12D700ED81A2 = {
						CreatedOnToolsVersion = 7.3.1;
					};
					CB33FD301E2F12D700ED81A2 = {
						CreatedOnToolsVersion = 7.3.1;
						TestTargetID = CB33FD1C1E2F12D700ED81A2;
					};
					CB33FD3B1E2F12D700ED81A2 = {
						CreatedOnToolsVersion = 7.3.1;
						TestTargetID = CB33FD1C1E2F12D700ED81A2;
					};
				};
			};
			buildConfigurationList = CB33FD181E2F12D700ED81A2 /* Build configuration list for PBXProject "Chapter_8_Table_Cells" */;
			compatibilityVersion = "Xcode 3.2";
			developmentRegion = English;
			hasScannedForEncodings = 0;
			knownRegions = (
				en,
				Base,
			);
			mainGroup = CB33FD141E2F12D700ED81A2;
			productRefGroup = CB33FD1E1E2F12D700ED81A2 /* Products */;
			projectDirPath = "";
			projectRoot = "";
			targets = (
				CB33FD1C1E2F12D700ED81A2 /* Chapter_8_Table_Cells */,
				CB33FD301E2F12D700ED81A2 /* Chapter_8_Table_CellsTests */,
				CB33FD3B1E2F12D700ED81A2 /* Chapter_8_Table_CellsUITests */,
			);
		};
/* End PBXProject section */

/* Begin PBXResourcesBuildPhase section */
		CB33FD1B1E2F12D700ED81A2 /* Resources */ = {
			isa = PBXResourcesBuildPhase;
			buildActionMask = 2147483647;
			files = (
				CB33FD511E2F15BB00ED81A2 /* NameAndColorCell.xib in Resources */,
				CB33FD2B1E2F12D700ED81A2 /* LaunchScreen.storyboard in Resources */,
				CB33FD281E2F12D700ED81A2 /* Assets.xcassets in Resources */,
				CB33FD261E2F12D700ED81A2 /* Main.storyboard in Resources */,
			);
			runOnlyForDeploymentPostprocessing = 0;
		};
		CB33FD2F1E2F12D700ED81A2 /* Resources */ = {
			isa = PBXResourcesBuildPhase;
			buildActionMask = 2147483647;
			files = (
			);
			runOnlyForDeploymentPostprocessing = 0;
		};
		CB33FD3A1E2F12D700ED81A2 /* Resources */ = {
			isa = PBXResourcesBuildPhase;
			buildActionMask = 2147483647;
			files = (
			);
			runOnlyForDeploymentPostprocessing = 0;
		};
/* End PBXResourcesBuildPhase section */

/* Begin PBXSourcesBuildPhase section */
		CB33FD191E2F12D700ED81A2 /* Sources */ = {
			isa = PBXSourcesBuildPhase;
			buildActionMask = 2147483647;
			files = (
				CB33FD4F1E2F13B800ED81A2 /* NameAndColorCell.swift in Sources */,
				CB33FD231E2F12D700ED81A2 /* ViewController.swift in Sources */,
				CB33FD211E2F12D700ED81A2 /* AppDelegate.swift in Sources */,
			);
			runOnlyForDeploymentPostprocessing = 0;
		};
		CB33FD2D1E2F12D700ED81A2 /* Sources */ = {
			isa = PBXSourcesBuildPhase;
			buildActionMask = 2147483647;
			files = (
				CB33FD361E2F12D700ED81A2 /* Chapter_8_Table_CellsTests.swift in Sources */,
			);
			runOnlyForDeploymentPostprocessing = 0;
		};
		CB33FD381E2F12D700ED81A2 /* Sources */ = {
			isa = PBXSourcesBuildPhase;
			buildActionMask = 2147483647;
			files = (
				CB33FD411E2F12D700ED81A2 /* Chapter_8_Table_CellsUITests.swift in Sources */,
			);
			runOnlyForDeploymentPostprocessing = 0;
		};
/* End PBXSourcesBuildPhase section */

/* Begin PBXTargetDependency section */
		CB33FD331E2F12D700ED81A2 /* PBXTargetDependency */ = {
			isa = PBXTargetDependency;
			target = CB33FD1C1E2F12D700ED81A2 /* Chapter_8_Table_Cells */;
			targetProxy = CB33FD321E2F12D700ED81A2 /* PBXContainerItemProxy */;
		};
		CB33FD3E1E2F12D700ED81A2 /* PBXTargetDependency */ = {
			isa = PBXTargetDependency;
			target = CB33FD1C1E2F12D700ED81A2 /* Chapter_8_Table_Cells */;
			targetProxy = CB33FD3D1E2F12D700ED81A2 /* PBXContainerItemProxy */;
		};
/* End PBXTargetDependency section */

/* Begin PBXVariantGroup section */
		CB33FD241E2F12D700ED81A2 /* Main.storyboard */ = {
			isa = PBXVariantGroup;
			children = (
				CB33FD251E2F12D700ED81A2 /* Base */,
			);
			name = Main.storyboard;
			sourceTree = "<group>";
		};
		CB33FD291E2F12D700ED81A2 /* LaunchScreen.storyboard */ = {
			isa = PBXVariantGroup;
			children = (
				CB33FD2A1E2F12D700ED81A2 /* Base */,
			);
			name = LaunchScreen.storyboard;
			sourceTree = "<group>";
		};
/* End PBXVariantGroup section */

/* Begin XCBuildConfiguration section */
		CB33FD431E2F12D700ED81A2 /* Debug */ = {
			isa = XCBuildConfiguration;
			buildSettings = {
				ALWAYS_SEARCH_USER_PATHS = NO;
				CLANG_ANALYZER_NONNULL = YES;
				CLANG_CXX_LANGUAGE_STANDARD = "gnu++0x";
				CLANG_CXX_LIBRARY = "libc++";
				CLANG_ENABLE_MODULES = YES;
				CLANG_ENABLE_OBJC_ARC = YES;
				CLANG_WARN_BOOL_CONVERSION = YES;
				CLANG_WARN_CONSTANT_CONVERSION = YES;
				CLANG_WARN_DIRECT_OBJC_ISA_USAGE = YES_ERROR;
				CLANG_WARN_EMPTY_BODY = YES;
				CLANG_WARN_ENUM_CONVERSION = YES;
				CLANG_WARN_INT_CONVERSION = YES;
				CLANG_WARN_OBJC_ROOT_CLASS = YES_ERROR;
				CLANG_WARN_UNREACHABLE_CODE = YES;
				CLANG_WARN__DUPLICATE_METHOD_MATCH = YES;
				"CODE_SIGN_IDENTITY[sdk=iphoneos*]" = "iPhone Developer";
				COPY_PHASE_STRIP = NO;
				DEBUG_INFORMATION_FORMAT = dwarf;
				ENABLE_STRICT_OBJC_MSGSEND = YES;
				ENABLE_TESTABILITY = YES;
				GCC_C_LANGUAGE_STANDARD = gnu99;
				GCC_DYNAMIC_NO_PIC = NO;
				GCC_NO_COMMON_BLOCKS = YES;
				GCC_OPTIMIZATION_LEVEL = 0;
				GCC_PREPROCESSOR_DEFINITIONS = (
					"DEBUG=1",
					"$(inherited)",
				);
				GCC_WARN_64_TO_32_BIT_CONVERSION = YES;
				GCC_WARN_ABOUT_RETURN_TYPE = YES_ERROR;
				GCC_WARN_UNDECLARED_SELECTOR = YES;
				GCC_WARN_UNINITIALIZED_AUTOS = YES_AGGRESSIVE;
				GCC_WARN_UNUSED_FUNCTION = YES;
				GCC_WARN_UNUSED_VARIABLE = YES;
				IPHONEOS_DEPLOYMENT_TARGET = 9.3;
				MTL_ENABLE_DEBUG_INFO = YES;
				ONLY_ACTIVE_ARCH = YES;
				SDKROOT = iphoneos;
				SWIFT_OPTIMIZATION_LEVEL = "-Onone";
				TARGETED_DEVICE_FAMILY = "1,2";
			};
			name = Debug;
		};
		CB33FD441E2F12D700ED81A2 /* Release */ = {
			isa = XCBuildConfiguration;
			buildSettings = {
				ALWAYS_SEARCH_USER_PATHS = NO;
				CLANG_ANALYZER_NONNULL = YES;
				CLANG_CXX_LANGUAGE_STANDARD = "gnu++0x";
				CLANG_CXX_LIBRARY = "libc++";
				CLANG_ENABLE_MODULES = YES;
				CLANG_ENABLE_OBJC_ARC = YES;
				CLANG_WARN_BOOL_CONVERSION = YES;
				CLANG_WARN_CONSTANT_CONVERSION = YES;
				CLANG_WARN_DIRECT_OBJC_ISA_USAGE = YES_ERROR;
				CLANG_WARN_EMPTY_BODY = YES;
				CLANG_WARN_ENUM_CONVERSION = YES;
				CLANG_WARN_INT_CONVERSION = YES;
				CLANG_WARN_OBJC_ROOT_CLASS = YES_ERROR;
				CLANG_WARN_UNREACHABLE_CODE = YES;
				CLANG_WARN__DUPLICATE_METHOD_MATCH = YES;
				"CODE_SIGN_IDENTITY[sdk=iphoneos*]" = "iPhone Developer";
				COPY_PHASE_STRIP = NO;
				DEBUG_INFORMATION_FORMAT = "dwarf-with-dsym";
				ENABLE_NS_ASSERTIONS = NO;
				ENABLE_STRICT_OBJC_MSGSEND = YES;
				GCC_C_LANGUAGE_STANDARD = gnu99;
				GCC_NO_COMMON_BLOCKS = YES;
				GCC_WARN_64_TO_32_BIT_CONVERSION = YES;
				GCC_WARN_ABOUT_RETURN_TYPE = YES_ERROR;
				GCC_WARN_UNDECLARED_SELECTOR = YES;
				GCC_WARN_UNINITIALIZED_AUTOS = YES_AGGRESSIVE;
				GCC_WARN_UNUSED_FUNCTION = YES;
				GCC_WARN_UNUSED_VARIABLE = YES;
				IPHONEOS_DEPLOYMENT_TARGET = 9.3;
				MTL_ENABLE_DEBUG_INFO = NO;
				SDKROOT = iphoneos;
				TARGETED_DEVICE_FAMILY = "1,2";
				VALIDATE_PRODUCT = YES;
			};
			name = Release;
		};
		CB33FD461E2F12D700ED81A2 /* Debug */ = {
			isa = XCBuildConfiguration;
			buildSettings = {
				ASSETCATALOG_COMPILER_APPICON_NAME = AppIcon;
				INFOPLIST_FILE = Chapter_8_Table_Cells/Info.plist;
				LD_RUNPATH_SEARCH_PATHS = "$(inherited) @executable_path/Frameworks";
				PRODUCT_BUNDLE_IDENTIFIER = "WL.Chapter-8-Table-Cells";
				PRODUCT_NAME = "$(TARGET_NAME)";
			};
			name = Debug;
		};
		CB33FD471E2F12D700ED81A2 /* Release */ = {
			isa = XCBuildConfiguration;
			buildSettings = {
				ASSETCATALOG_COMPILER_APPICON_NAME = AppIcon;
				INFOPLIST_FILE = Chapter_8_Table_Cells/Info.plist;
				LD_RUNPATH_SEARCH_PATHS = "$(inherited) @executable_path/Frameworks";
				PRODUCT_BUNDLE_IDENTIFIER = "WL.Chapter-8-Table-Cells";
				PRODUCT_NAME = "$(TARGET_NAME)";
			};
			name = Release;
		};
		CB33FD491E2F12D700ED81A2 /* Debug */ = {
			isa = XCBuildConfiguration;
			buildSettings = {
				BUNDLE_LOADER = "$(TEST_HOST)";
				INFOPLIST_FILE = Chapter_8_Table_CellsTests/Info.plist;
				LD_RUNPATH_SEARCH_PATHS = "$(inherited) @executable_path/Frameworks @loader_path/Frameworks";
				PRODUCT_BUNDLE_IDENTIFIER = "WL.Chapter-8-Table-CellsTests";
				PRODUCT_NAME = "$(TARGET_NAME)";
				TEST_HOST = "$(BUILT_PRODUCTS_DIR)/Chapter_8_Table_Cells.app/Chapter_8_Table_Cells";
			};
			name = Debug;
		};
		CB33FD4A1E2F12D700ED81A2 /* Release */ = {
			isa = XCBuildConfiguration;
			buildSettings = {
				BUNDLE_LOADER = "$(TEST_HOST)";
				INFOPLIST_FILE = Chapter_8_Table_CellsTests/Info.plist;
				LD_RUNPATH_SEARCH_PATHS = "$(inherited) @executable_path/Frameworks @loader_path/Frameworks";
				PRODUCT_BUNDLE_IDENTIFIER = "WL.Chapter-8-Table-CellsTests";
				PRODUCT_NAME = "$(TARGET_NAME)";
				TEST_HOST = "$(BUILT_PRODUCTS_DIR)/Chapter_8_Table_Cells.app/Chapter_8_Table_Cells";
			};
			name = Release;
		};
		CB33FD4C1E2F12D700ED81A2 /* Debug */ = {
			isa = XCBuildConfiguration;
			buildSettings = {
				INFOPLIST_FILE = Chapter_8_Table_CellsUITests/Info.plist;
				LD_RUNPATH_SEARCH_PATHS = "$(inherited) @executable_path/Frameworks @loader_path/Frameworks";
				PRODUCT_BUNDLE_IDENTIFIER = "WL.Chapter-8-Table-CellsUITests";
				PRODUCT_NAME = "$(TARGET_NAME)";
				TEST_TARGET_NAME = Chapter_8_Table_Cells;
			};
			name = Debug;
		};
		CB33FD4D1E2F12D700ED81A2 /* Release */ = {
			isa = XCBuildConfiguration;
			buildSettings = {
				INFOPLIST_FILE = Chapter_8_Table_CellsUITests/Info.plist;
				LD_RUNPATH_SEARCH_PATHS = "$(inherited) @executable_path/Frameworks @loader_path/Frameworks";
				PRODUCT_BUNDLE_IDENTIFIER = "WL.Chapter-8-Table-CellsUITests";
				PRODUCT_NAME = "$(TARGET_NAME)";
				TEST_TARGET_NAME = Chapter_8_Table_Cells;
			};
			name = Release;
		};
/* End XCBuildConfiguration section */

/* Begin XCConfigurationList section */
		CB33FD181E2F12D700ED81A2 /* Build configuration list for PBXProject "Chapter_8_Table_Cells" */ = {
			isa = XCConfigurationList;
			buildConfigurations = (
				CB33FD431E2F12D700ED81A2 /* Debug */,
				CB33FD441E2F12D700ED81A2 /* Release */,
			);
			defaultConfigurationIsVisible = 0;
			defaultConfigurationName = Release;
		};
		CB33FD451E2F12D700ED81A2 /* Build configuration list for PBXNativeTarget "Chapter_8_Table_Cells" */ = {
			isa = XCConfigurationList;
			buildConfigurations = (
				CB33FD461E2F12D700ED81A2 /* Debug */,
				CB33FD471E2F12D700ED81A2 /* Release */,
			);
			defaultConfigurationIsVisible = 0;
		};
		CB33FD481E2F12D700ED81A2 /* Build configuration list for PBXNativeTarget "Chapter_8_Table_CellsTests" */ = {
			isa = XCConfigurationList;
			buildConfigurations = (
				CB33FD491E2F12D700ED81A2 /* Debug */,
				CB33FD4A1E2F12D700ED81A2 /* Release */,
			);
			defaultConfigurationIsVisible = 0;
		};
		CB33FD4B1E2F12D700ED81A2 /* Build configuration list for PBXNativeTarget "Chapter_8_Table_CellsUITests" */ = {
			isa = XCConfigurationList;
			buildConfigurations = (
				CB33FD4C1E2F12D700ED81A2 /* Debug */,
				CB33FD4D1E2F12D700ED81A2 /* Release */,
			);
			defaultConfigurationIsVisible = 0;
		};
/* End XCConfigurationList section */
	};
	rootObject = CB33FD151E2F12D700ED81A2 /* Project object */;
}
