// !$*UTF8*$!
{
	archiveVersion = 1;
	classes = {
	};
	objectVersion = 46;
	objects = {

/* Begin PBXBuildFile section */
		CB709E5C1E32F69400E29F99 /* AppDelegate.swift in Sources */ = {isa = PBXBuildFile; fileRef = CB709E5B1E32F69400E29F99 /* AppDelegate.swift */; };
		CB709E611E32F69400E29F99 /* Main.storyboard in Resources */ = {isa = PBXBuildFile; fileRef = CB709E5F1E32F69400E29F99 /* Main.storyboard */; };
		CB709E631E32F69400E29F99 /* Assets.xcassets in Resources */ = {isa = PBXBuildFile; fileRef = CB709E621E32F69400E29F99 /* Assets.xcassets */; };
		CB709E661E32F69400E29F99 /* LaunchScreen.storyboard in Resources */ = {isa = PBXBuildFile; fileRef = CB709E641E32F69400E29F99 /* LaunchScreen.storyboard */; };
		CB709E711E32F69400E29F99 /* Chapter_9_FontsTests.swift in Sources */ = {isa = PBXBuildFile; fileRef = CB709E701E32F69400E29F99 /* Chapter_9_FontsTests.swift */; };
		CB709E7C1E32F69400E29F99 /* Chapter_9_FontsUITests.swift in Sources */ = {isa = PBXBuildFile; fileRef = CB709E7B1E32F69400E29F99 /* Chapter_9_FontsUITests.swift */; };
		CB709E8A1E32F8C200E29F99 /* FavoritesList.swift in Sources */ = {isa = PBXBuildFile; fileRef = CB709E891E32F8C200E29F99 /* FavoritesList.swift */; };
		CB709E8C1E32F9CF00E29F99 /* RootViewController.swift in Sources */ = {isa = PBXBuildFile; fileRef = CB709E8B1E32F9CF00E29F99 /* RootViewController.swift */; };
/* End PBXBuildFile section */

/* Begin PBXContainerItemProxy section */
		CB709E6D1E32F69400E29F99 /* PBXContainerItemProxy */ = {
			isa = PBXContainerItemProxy;
			containerPortal = CB709E501E32F69400E29F99 /* Project object */;
			proxyType = 1;
			remoteGlobalIDString = CB709E571E32F69400E29F99;
			remoteInfo = Chapter_9_Fonts;
		};
		CB709E781E32F69400E29F99 /* PBXContainerItemProxy */ = {
			isa = PBXContainerItemProxy;
			containerPortal = CB709E501E32F69400E29F99 /* Project object */;
			proxyType = 1;
			remoteGlobalIDString = CB709E571E32F69400E29F99;
			remoteInfo = Chapter_9_Fonts;
		};
/* End PBXContainerItemProxy section */

/* Begin PBXFileReference section */
		CB709E581E32F69400E29F99 /* Chapter_9_Fonts.app */ = {isa = PBXFileReference; explicitFileType = wrapper.application; includeInIndex = 0; path = Chapter_9_Fonts.app; sourceTree = BUILT_PRODUCTS_DIR; };
		CB709E5B1E32F69400E29F99 /* AppDelegate.swift */ = {isa = PBXFileReference; lastKnownFileType = sourcecode.swift; path = AppDelegate.swift; sourceTree = "<group>"; };
		CB709E601E32F69400E29F99 /* Base */ = {isa = PBXFileReference; lastKnownFileType = file.storyboard; name = Base; path = Base.lproj/Main.storyboard; sourceTree = "<group>"; };
		CB709E621E32F69400E29F99 /* Assets.xcassets */ = {isa = PBXFileReference; lastKnownFileType = folder.assetcatalog; path = Assets.xcassets; sourceTree = "<group>"; };
		CB709E651E32F69400E29F99 /* Base */ = {isa = PBXFileReference; lastKnownFileType = file.storyboard; name = Base; path = Base.lproj/LaunchScreen.storyboard; sourceTree = "<group>"; };
		CB709E671E32F69400E29F99 /* Info.plist */ = {isa = PBXFileReference; lastKnownFileType = text.plist.xml; path = Info.plist; sourceTree = "<group>"; };
		CB709E6C1E32F69400E29F99 /* Chapter_9_FontsTests.xctest */ = {isa = PBXFileReference; explicitFileType = wrapper.cfbundle; includeInIndex = 0; path = Chapter_9_FontsTests.xctest; sourceTree = BUILT_PRODUCTS_DIR; };
		CB709E701E32F69400E29F99 /* Chapter_9_FontsTests.swift */ = {isa = PBXFileReference; lastKnownFileType = sourcecode.swift; path = Chapter_9_FontsTests.swift; sourceTree = "<group>"; };
		CB709E721E32F69400E29F99 /* Info.plist */ = {isa = PBXFileReference; lastKnownFileType = text.plist.xml; path = Info.plist; sourceTree = "<group>"; };
		CB709E771E32F69400E29F99 /* Chapter_9_FontsUITests.xctest */ = {isa = PBXFileReference; explicitFileType = wrapper.cfbundle; includeInIndex = 0; path = Chapter_9_FontsUITests.xctest; sourceTree = BUILT_PRODUCTS_DIR; };
		CB709E7B1E32F69400E29F99 /* Chapter_9_FontsUITests.swift */ = {isa = PBXFileReference; lastKnownFileType = sourcecode.swift; path = Chapter_9_FontsUITests.swift; sourceTree = "<group>"; };
		CB709E7D1E32F69400E29F99 /* Info.plist */ = {isa = PBXFileReference; lastKnownFileType = text.plist.xml; path = Info.plist; sourceTree = "<group>"; };
		CB709E891E32F8C200E29F99 /* FavoritesList.swift */ = {isa = PBXFileReference; fileEncoding = 4; lastKnownFileType = sourcecode.swift; path = FavoritesList.swift; sourceTree = "<group>"; };
		CB709E8B1E32F9CF00E29F99 /* RootViewController.swift */ = {isa = PBXFileReference; fileEncoding = 4; lastKnownFileType = sourcecode.swift; path = RootViewController.swift; sourceTree = "<group>"; };
/* End PBXFileReference section */

/* Begin PBXFrameworksBuildPhase section */
		CB709E551E32F69400E29F99 /* Frameworks */ = {
			isa = PBXFrameworksBuildPhase;
			buildActionMask = 2147483647;
			files = (
			);
			runOnlyForDeploymentPostprocessing = 0;
		};
		CB709E691E32F69400E29F99 /* Frameworks */ = {
			isa = PBXFrameworksBuildPhase;
			buildActionMask = 2147483647;
			files = (
			);
			runOnlyForDeploymentPostprocessing = 0;
		};
		CB709E741E32F69400E29F99 /* Frameworks */ = {
			isa = PBXFrameworksBuildPhase;
			buildActionMask = 2147483647;
			files = (
			);
			runOnlyForDeploymentPostprocessing = 0;
		};
/* End PBXFrameworksBuildPhase section */

/* Begin PBXGroup section */
		CB709E4F1E32F69400E29F99 = {
			isa = PBXGroup;
			children = (
				CB709E5A1E32F69400E29F99 /* Chapter_9_Fonts */,
				CB709E6F1E32F69400E29F99 /* Chapter_9_FontsTests */,
				CB709E7A1E32F69400E29F99 /* Chapter_9_FontsUITests */,
				CB709E591E32F69400E29F99 /* Products */,
			);
			sourceTree = "<group>";
		};
		CB709E591E32F69400E29F99 /* Products */ = {
			isa = PBXGroup;
			children = (
				CB709E581E32F69400E29F99 /* Chapter_9_Fonts.app */,
				CB709E6C1E32F69400E29F99 /* Chapter_9_FontsTests.xctest */,
				CB709E771E32F69400E29F99 /* Chapter_9_FontsUITests.xctest */,
			);
			name = Products;
			sourceTree = "<group>";
		};
		CB709E5A1E32F69400E29F99 /* Chapter_9_Fonts */ = {
			isa = PBXGroup;
			children = (
				CB709E5B1E32F69400E29F99 /* AppDelegate.swift */,
				CB709E891E32F8C200E29F99 /* FavoritesList.swift */,
				CB709E8B1E32F9CF00E29F99 /* RootViewController.swift */,
				CB709E5F1E32F69400E29F99 /* Main.storyboard */,
				CB709E641E32F69400E29F99 /* LaunchScreen.storyboard */,
				CB709E621E32F69400E29F99 /* Assets.xcassets */,
				CB709E671E32F69400E29F99 /* Info.plist */,
			);
			path = Chapter_9_Fonts;
			sourceTree = "<group>";
		};
		CB709E6F1E32F69400E29F99 /* Chapter_9_FontsTests */ = {
			isa = PBXGroup;
			children = (
				CB709E701E32F69400E29F99 /* Chapter_9_FontsTests.swift */,
				CB709E721E32F69400E29F99 /* Info.plist */,
			);
			path = Chapter_9_FontsTests;
			sourceTree = "<group>";
		};
		CB709E7A1E32F69400E29F99 /* Chapter_9_FontsUITests */ = {
			isa = PBXGroup;
			children = (
				CB709E7B1E32F69400E29F99 /* Chapter_9_FontsUITests.swift */,
				CB709E7D1E32F69400E29F99 /* Info.plist */,
			);
			path = Chapter_9_FontsUITests;
			sourceTree = "<group>";
		};
/* End PBXGroup section */

/* Begin PBXNativeTarget section */
		CB709E571E32F69400E29F99 /* Chapter_9_Fonts */ = {
			isa = PBXNativeTarget;
			buildConfigurationList = CB709E801E32F69400E29F99 /* Build configuration list for PBXNativeTarget "Chapter_9_Fonts" */;
			buildPhases = (
				CB709E541E32F69400E29F99 /* Sources */,
				CB709E551E32F69400E29F99 /* Frameworks */,
				CB709E561E32F69400E29F99 /* Resources */,
			);
			buildRules = (
			);
			dependencies = (
			);
			name = Chapter_9_Fonts;
			productName = Chapter_9_Fonts;
			productReference = CB709E581E32F69400E29F99 /* Chapter_9_Fonts.app */;
			productType = "com.apple.product-type.application";
		};
		CB709E6B1E32F69400E29F99 /* Chapter_9_FontsTests */ = {
			isa = PBXNativeTarget;
			buildConfigurationList = CB709E831E32F69400E29F99 /* Build configuration list for PBXNativeTarget "Chapter_9_FontsTests" */;
			buildPhases = (
				CB709E681E32F69400E29F99 /* Sources */,
				CB709E691E32F69400E29F99 /* Frameworks */,
				CB709E6A1E32F69400E29F99 /* Resources */,
			);
			buildRules = (
			);
			dependencies = (
				CB709E6E1E32F69400E29F99 /* PBXTargetDependency */,
			);
			name = Chapter_9_FontsTests;
			productName = Chapter_9_FontsTests;
			productReference = CB709E6C1E32F69400E29F99 /* Chapter_9_FontsTests.xctest */;
			productType = "com.apple.product-type.bundle.unit-test";
		};
		CB709E761E32F69400E29F99 /* Chapter_9_FontsUITests */ = {
			isa = PBXNativeTarget;
			buildConfigurationList = CB709E861E32F69400E29F99 /* Build configuration list for PBXNativeTarget "Chapter_9_FontsUITests" */;
			buildPhases = (
				CB709E731E32F69400E29F99 /* Sources */,
				CB709E741E32F69400E29F99 /* Frameworks */,
				CB709E751E32F69400E29F99 /* Resources */,
			);
			buildRules = (
			);
			dependencies = (
				CB709E791E32F69400E29F99 /* PBXTargetDependency */,
			);
			name = Chapter_9_FontsUITests;
			productName = Chapter_9_FontsUITests;
			productReference = CB709E771E32F69400E29F99 /* Chapter_9_FontsUITests.xctest */;
			productType = "com.apple.product-type.bundle.ui-testing";
		};
/* End PBXNativeTarget section */

/* Begin PBXProject section */
		CB709E501E32F69400E29F99 /* Project object */ = {
			isa = PBXProject;
			attributes = {
				LastSwiftUpdateCheck = 0730;
				LastUpgradeCheck = 0730;
				ORGANIZATIONNAME = "Wei Li";
				TargetAttributes = {
					CB709E571E32F69400E29F99 = {
						CreatedOnToolsVersion = 7.3.1;
					};
					CB709E6B1E32F69400E29F99 = {
						CreatedOnToolsVersion = 7.3.1;
						TestTargetID = CB709E571E32F69400E29F99;
					};
					CB709E761E32F69400E29F99 = {
						CreatedOnToolsVersion = 7.3.1;
						TestTargetID = CB709E571E32F69400E29F99;
					};
				};
			};
			buildConfigurationList = CB709E531E32F69400E29F99 /* Build configuration list for PBXProject "Chapter_9_Fonts" */;
			compatibilityVersion = "Xcode 3.2";
			developmentRegion = English;
			hasScannedForEncodings = 0;
			knownRegions = (
				en,
				Base,
			);
			mainGroup = CB709E4F1E32F69400E29F99;
			productRefGroup = CB709E591E32F69400E29F99 /* Products */;
			projectDirPath = "";
			projectRoot = "";
			targets = (
				CB709E571E32F69400E29F99 /* Chapter_9_Fonts */,
				CB709E6B1E32F69400E29F99 /* Chapter_9_FontsTests */,
				CB709E761E32F69400E29F99 /* Chapter_9_FontsUITests */,
			);
		};
/* End PBXProject section */

/* Begin PBXResourcesBuildPhase section */
		CB709E561E32F69400E29F99 /* Resources */ = {
			isa = PBXResourcesBuildPhase;
			buildActionMask = 2147483647;
			files = (
				CB709E661E32F69400E29F99 /* LaunchScreen.storyboard in Resources */,
				CB709E631E32F69400E29F99 /* Assets.xcassets in Resources */,
				CB709E611E32F69400E29F99 /* Main.storyboard in Resources */,
			);
			runOnlyForDeploymentPostprocessing = 0;
		};
		CB709E6A1E32F69400E29F99 /* Resources */ = {
			isa = PBXResourcesBuildPhase;
			buildActionMask = 2147483647;
			files = (
			);
			runOnlyForDeploymentPostprocessing = 0;
		};
		CB709E751E32F69400E29F99 /* Resources */ = {
			isa = PBXResourcesBuildPhase;
			buildActionMask = 2147483647;
			files = (
			);
			runOnlyForDeploymentPostprocessing = 0;
		};
/* End PBXResourcesBuildPhase section */

/* Begin PBXSourcesBuildPhase section */
		CB709E541E32F69400E29F99 /* Sources */ = {
			isa = PBXSourcesBuildPhase;
			buildActionMask = 2147483647;
			files = (
				CB709E5C1E32F69400E29F99 /* AppDelegate.swift in Sources */,
				CB709E8A1E32F8C200E29F99 /* FavoritesList.swift in Sources */,
				CB709E8C1E32F9CF00E29F99 /* RootViewController.swift in Sources */,
			);
			runOnlyForDeploymentPostprocessing = 0;
		};
		CB709E681E32F69400E29F99 /* Sources */ = {
			isa = PBXSourcesBuildPhase;
			buildActionMask = 2147483647;
			files = (
				CB709E711E32F69400E29F99 /* Chapter_9_FontsTests.swift in Sources */,
			);
			runOnlyForDeploymentPostprocessing = 0;
		};
		CB709E731E32F69400E29F99 /* Sources */ = {
			isa = PBXSourcesBuildPhase;
			buildActionMask = 2147483647;
			files = (
				CB709E7C1E32F69400E29F99 /* Chapter_9_FontsUITests.swift in Sources */,
			);
			runOnlyForDeploymentPostprocessing = 0;
		};
/* End PBXSourcesBuildPhase section */

/* Begin PBXTargetDependency section */
		CB709E6E1E32F69400E29F99 /* PBXTargetDependency */ = {
			isa = PBXTargetDependency;
			target = CB709E571E32F69400E29F99 /* Chapter_9_Fonts */;
			targetProxy = CB709E6D1E32F69400E29F99 /* PBXContainerItemProxy */;
		};
		CB709E791E32F69400E29F99 /* PBXTargetDependency */ = {
			isa = PBXTargetDependency;
			target = CB709E571E32F69400E29F99 /* Chapter_9_Fonts */;
			targetProxy = CB709E781E32F69400E29F99 /* PBXContainerItemProxy */;
		};
/* End PBXTargetDependency section */

/* Begin PBXVariantGroup section */
		CB709E5F1E32F69400E29F99 /* Main.storyboard */ = {
			isa = PBXVariantGroup;
			children = (
				CB709E601E32F69400E29F99 /* Base */,
			);
			name = Main.storyboard;
			sourceTree = "<group>";
		};
		CB709E641E32F69400E29F99 /* LaunchScreen.storyboard */ = {
			isa = PBXVariantGroup;
			children = (
				CB709E651E32F69400E29F99 /* Base */,
			);
			name = LaunchScreen.storyboard;
			sourceTree = "<group>";
		};
/* End PBXVariantGroup section */

/* Begin XCBuildConfiguration section */
		CB709E7E1E32F69400E29F99 /* Debug */ = {
			isa = XCBuildConfiguration;
			buildSettings = {
				ALWAYS_SEARCH_USER_PATHS = NO;
				CLANG_ANALYZER_NONNULL = YES;
				CLANG_CXX_LANGUAGE_STANDARD = "gnu++0x";
				CLANG_CXX_LIBRARY = "libc++";
				CLANG_ENABLE_MODULES = YES;
				CLANG_ENABLE_OBJC_ARC = YES;
				CLANG_WARN_BOOL_CONVERSION = YES;
				CLANG_WARN_CONSTANT_CONVERSION = YES;
				CLANG_WARN_DIRECT_OBJC_ISA_USAGE = YES_ERROR;
				CLANG_WARN_EMPTY_BODY = YES;
				CLANG_WARN_ENUM_CONVERSION = YES;
				CLANG_WARN_INT_CONVERSION = YES;
				CLANG_WARN_OBJC_ROOT_CLASS = YES_ERROR;
				CLANG_WARN_UNREACHABLE_CODE = YES;
				CLANG_WARN__DUPLICATE_METHOD_MATCH = YES;
				"CODE_SIGN_IDENTITY[sdk=iphoneos*]" = "iPhone Developer";
				COPY_PHASE_STRIP = NO;
				DEBUG_INFORMATION_FORMAT = dwarf;
				ENABLE_STRICT_OBJC_MSGSEND = YES;
				ENABLE_TESTABILITY = YES;
				GCC_C_LANGUAGE_STANDARD = gnu99;
				GCC_DYNAMIC_NO_PIC = NO;
				GCC_NO_COMMON_BLOCKS = YES;
				GCC_OPTIMIZATION_LEVEL = 0;
				GCC_PREPROCESSOR_DEFINITIONS = (
					"DEBUG=1",
					"$(inherited)",
				);
				GCC_WARN_64_TO_32_BIT_CONVERSION = YES;
				GCC_WARN_ABOUT_RETURN_TYPE = YES_ERROR;
				GCC_WARN_UNDECLARED_SELECTOR = YES;
				GCC_WARN_UNINITIALIZED_AUTOS = YES_AGGRESSIVE;
				GCC_WARN_UNUSED_FUNCTION = YES;
				GCC_WARN_UNUSED_VARIABLE = YES;
				IPHONEOS_DEPLOYMENT_TARGET = 9.3;
				MTL_ENABLE_DEBUG_INFO = YES;
				ONLY_ACTIVE_ARCH = YES;
				SDKROOT = iphoneos;
				SWIFT_OPTIMIZATION_LEVEL = "-Onone";
				TARGETED_DEVICE_FAMILY = "1,2";
			};
			name = Debug;
		};
		CB709E7F1E32F69400E29F99 /* Release */ = {
			isa = XCBuildConfiguration;
			buildSettings = {
				ALWAYS_SEARCH_USER_PATHS = NO;
				CLANG_ANALYZER_NONNULL = YES;
				CLANG_CXX_LANGUAGE_STANDARD = "gnu++0x";
				CLANG_CXX_LIBRARY = "libc++";
				CLANG_ENABLE_MODULES = YES;
				CLANG_ENABLE_OBJC_ARC = YES;
				CLANG_WARN_BOOL_CONVERSION = YES;
				CLANG_WARN_CONSTANT_CONVERSION = YES;
				CLANG_WARN_DIRECT_OBJC_ISA_USAGE = YES_ERROR;
				CLANG_WARN_EMPTY_BODY = YES;
				CLANG_WARN_ENUM_CONVERSION = YES;
				CLANG_WARN_INT_CONVERSION = YES;
				CLANG_WARN_OBJC_ROOT_CLASS = YES_ERROR;
				CLANG_WARN_UNREACHABLE_CODE = YES;
				CLANG_WARN__DUPLICATE_METHOD_MATCH = YES;
				"CODE_SIGN_IDENTITY[sdk=iphoneos*]" = "iPhone Developer";
				COPY_PHASE_STRIP = NO;
				DEBUG_INFORMATION_FORMAT = "dwarf-with-dsym";
				ENABLE_NS_ASSERTIONS = NO;
				ENABLE_STRICT_OBJC_MSGSEND = YES;
				GCC_C_LANGUAGE_STANDARD = gnu99;
				GCC_NO_COMMON_BLOCKS = YES;
				GCC_WARN_64_TO_32_BIT_CONVERSION = YES;
				GCC_WARN_ABOUT_RETURN_TYPE = YES_ERROR;
				GCC_WARN_UNDECLARED_SELECTOR = YES;
				GCC_WARN_UNINITIALIZED_AUTOS = YES_AGGRESSIVE;
				GCC_WARN_UNUSED_FUNCTION = YES;
				GCC_WARN_UNUSED_VARIABLE = YES;
				IPHONEOS_DEPLOYMENT_TARGET = 9.3;
				MTL_ENABLE_DEBUG_INFO = NO;
				SDKROOT = iphoneos;
				TARGETED_DEVICE_FAMILY = "1,2";
				VALIDATE_PRODUCT = YES;
			};
			name = Release;
		};
		CB709E811E32F69400E29F99 /* Debug */ = {
			isa = XCBuildConfiguration;
			buildSettings = {
				ASSETCATALOG_COMPILER_APPICON_NAME = AppIcon;
				INFOPLIST_FILE = Chapter_9_Fonts/Info.plist;
				LD_RUNPATH_SEARCH_PATHS = "$(inherited) @executable_path/Frameworks";
				PRODUCT_BUNDLE_IDENTIFIER = "WL.Chapter-9-Fonts";
				PRODUCT_NAME = "$(TARGET_NAME)";
			};
			name = Debug;
		};
		CB709E821E32F69400E29F99 /* Release */ = {
			isa = XCBuildConfiguration;
			buildSettings = {
				ASSETCATALOG_COMPILER_APPICON_NAME = AppIcon;
				INFOPLIST_FILE = Chapter_9_Fonts/Info.plist;
				LD_RUNPATH_SEARCH_PATHS = "$(inherited) @executable_path/Frameworks";
				PRODUCT_BUNDLE_IDENTIFIER = "WL.Chapter-9-Fonts";
				PRODUCT_NAME = "$(TARGET_NAME)";
			};
			name = Release;
		};
		CB709E841E32F69400E29F99 /* Debug */ = {
			isa = XCBuildConfiguration;
			buildSettings = {
				BUNDLE_LOADER = "$(TEST_HOST)";
				INFOPLIST_FILE = Chapter_9_FontsTests/Info.plist;
				LD_RUNPATH_SEARCH_PATHS = "$(inherited) @executable_path/Frameworks @loader_path/Frameworks";
				PRODUCT_BUNDLE_IDENTIFIER = "WL.Chapter-9-FontsTests";
				PRODUCT_NAME = "$(TARGET_NAME)";
				TEST_HOST = "$(BUILT_PRODUCTS_DIR)/Chapter_9_Fonts.app/Chapter_9_Fonts";
			};
			name = Debug;
		};
		CB709E851E32F69400E29F99 /* Release */ = {
			isa = XCBuildConfiguration;
			buildSettings = {
				BUNDLE_LOADER = "$(TEST_HOST)";
				INFOPLIST_FILE = Chapter_9_FontsTests/Info.plist;
				LD_RUNPATH_SEARCH_PATHS = "$(inherited) @executable_path/Frameworks @loader_path/Frameworks";
				PRODUCT_BUNDLE_IDENTIFIER = "WL.Chapter-9-FontsTests";
				PRODUCT_NAME = "$(TARGET_NAME)";
				TEST_HOST = "$(BUILT_PRODUCTS_DIR)/Chapter_9_Fonts.app/Chapter_9_Fonts";
			};
			name = Release;
		};
		CB709E871E32F69400E29F99 /* Debug */ = {
			isa = XCBuildConfiguration;
			buildSettings = {
				INFOPLIST_FILE = Chapter_9_FontsUITests/Info.plist;
				LD_RUNPATH_SEARCH_PATHS = "$(inherited) @executable_path/Frameworks @loader_path/Frameworks";
				PRODUCT_BUNDLE_IDENTIFIER = "WL.Chapter-9-FontsUITests";
				PRODUCT_NAME = "$(TARGET_NAME)";
				TEST_TARGET_NAME = Chapter_9_Fonts;
			};
			name = Debug;
		};
		CB709E881E32F69400E29F99 /* Release */ = {
			isa = XCBuildConfiguration;
			buildSettings = {
				INFOPLIST_FILE = Chapter_9_FontsUITests/Info.plist;
				LD_RUNPATH_SEARCH_PATHS = "$(inherited) @executable_path/Frameworks @loader_path/Frameworks";
				PRODUCT_BUNDLE_IDENTIFIER = "WL.Chapter-9-FontsUITests";
				PRODUCT_NAME = "$(TARGET_NAME)";
				TEST_TARGET_NAME = Chapter_9_Fonts;
			};
			name = Release;
		};
/* End XCBuildConfiguration section */

/* Begin XCConfigurationList section */
		CB709E531E32F69400E29F99 /* Build configuration list for PBXProject "Chapter_9_Fonts" */ = {
			isa = XCConfigurationList;
			buildConfigurations = (
				CB709E7E1E32F69400E29F99 /* Debug */,
				CB709E7F1E32F69400E29F99 /* Release */,
			);
			defaultConfigurationIsVisible = 0;
			defaultConfigurationName = Release;
		};
		CB709E801E32F69400E29F99 /* Build configuration list for PBXNativeTarget "Chapter_9_Fonts" */ = {
			isa = XCConfigurationList;
			buildConfigurations = (
				CB709E811E32F69400E29F99 /* Debug */,
				CB709E821E32F69400E29F99 /* Release */,
			);
			defaultConfigurationIsVisible = 0;
		};
		CB709E831E32F69400E29F99 /* Build configuration list for PBXNativeTarget "Chapter_9_FontsTests" */ = {
			isa = XCConfigurationList;
			buildConfigurations = (
				CB709E841E32F69400E29F99 /* Debug */,
				CB709E851E32F69400E29F99 /* Release */,
			);
			defaultConfigurationIsVisible = 0;
		};
		CB709E861E32F69400E29F99 /* Build configuration list for PBXNativeTarget "Chapter_9_FontsUITests" */ = {
			isa = XCConfigurationList;
			buildConfigurations = (
				CB709E871E32F69400E29F99 /* Debug */,
				CB709E881E32F69400E29F99 /* Release */,
			);
			defaultConfigurationIsVisible = 0;
		};
/* End XCConfigurationList section */
	};
	rootObject = CB709E501E32F69400E29F99 /* Project object */;
}
